
Microsoft Visual Studio Solution File, Format Version 12.00
# Visual Studio Version 17
VisualStudioVersion = 17.4.33213.308
MinimumVisualStudioVersion = 10.0.40219.1
Project("{FAE04EC0-301F-11D3-BF4B-00C04F79EFBC}") = "Блокнот", "Блокнот\Блокнот.csproj", "{3C9BFCB9-8A05-459E-89D5-59F94F88D0AF}"
EndProject
Global
	GlobalSection(SolutionConfigurationPlatforms) = preSolution
		Debug|Any CPU = Debug|Any CPU
		Release|Any CPU = Release|Any CPU
	EndGlobalSection
	GlobalSection(ProjectConfigurationPlatforms) = postSolution
		{3C9BFCB9-8A05-459E-89D5-59F94F88D0AF}.Debug|Any CPU.ActiveCfg = Debug|Any CPU
		{3C9BFCB9-8A05-459E-89D5-59F94F88D0AF}.Debug|Any CPU.Build.0 = Debug|Any CPU
		{3C9BFCB9-8A05-459E-89D5-59F94F88D0AF}.Release|Any CPU.ActiveCfg = Release|Any CPU
		{3C9BFCB9-8A05-459E-89D5-59F94F88D0AF}.Release|Any CPU.Build.0 = Release|Any CPU
	EndGlobalSection
	GlobalSection(SolutionProperties) = preSolution
		HideSolutionNode = FALSE
	EndGlobalSection
	GlobalSection(ExtensibilityGlobals) = postSolution
		SolutionGuid = {37E572F0-2977-4FAE-B2CA-1F0E13929985}
	EndGlobalSection
EndGlobal
